// !$*UTF8*$!
{
	archiveVersion = 1;
	classes = {
	};
	objectVersion = 46;
	objects = {

/* Begin PBXBuildFile section */
		008B041D21C5F0063113E564 /* Pods_BluetoothReceiver.framework in Frameworks */ = {isa = PBXBuildFile; fileRef = E70E63D48592DFFEAC21ECA2 /* Pods_BluetoothReceiver.framework */; };
		644AB68DB83D97B04A187F92 /* Pods_BluetoothReceiverTests.framework in Frameworks */ = {isa = PBXBuildFile; fileRef = C230FE8BDEB05D1ED7DC17F1 /* Pods_BluetoothReceiverTests.framework */; };
		C36443711EAE5FC40030E541 /* Device.swift in Sources */ = {isa = PBXBuildFile; fileRef = C36443701EAE5FC40030E541 /* Device.swift */; };
		C3B8A0CB1EAC3DC40051F3FE /* AppDelegate.swift in Sources */ = {isa = PBXBuildFile; fileRef = C3B8A0CA1EAC3DC40051F3FE /* AppDelegate.swift */; };
		C3B8A0D01EAC3DC40051F3FE /* Main.storyboard in Resources */ = {isa = PBXBuildFile; fileRef = C3B8A0CE1EAC3DC40051F3FE /* Main.storyboard */; };
		C3B8A0D31EAC3DC40051F3FE /* BluetoothReceiver.xcdatamodeld in Sources */ = {isa = PBXBuildFile; fileRef = C3B8A0D11EAC3DC40051F3FE /* BluetoothReceiver.xcdatamodeld */; };
		C3B8A0D51EAC3DC40051F3FE /* Assets.xcassets in Resources */ = {isa = PBXBuildFile; fileRef = C3B8A0D41EAC3DC40051F3FE /* Assets.xcassets */; };
		C3B8A0D81EAC3DC40051F3FE /* LaunchScreen.storyboard in Resources */ = {isa = PBXBuildFile; fileRef = C3B8A0D61EAC3DC40051F3FE /* LaunchScreen.storyboard */; };
		C3B8A0E31EAC3DC40051F3FE /* BluetoothReceiverTests.swift in Sources */ = {isa = PBXBuildFile; fileRef = C3B8A0E21EAC3DC40051F3FE /* BluetoothReceiverTests.swift */; };
		C3B8A0EE1EAC3DEB0051F3FE /* StreamViewController.swift in Sources */ = {isa = PBXBuildFile; fileRef = C3B8A0ED1EAC3DEB0051F3FE /* StreamViewController.swift */; };
/* End PBXBuildFile section */

/* Begin PBXContainerItemProxy section */
		C3B8A0DF1EAC3DC40051F3FE /* PBXContainerItemProxy */ = {
			isa = PBXContainerItemProxy;
			containerPortal = C3B8A0BF1EAC3DC40051F3FE /* Project object */;
			proxyType = 1;
			remoteGlobalIDString = C3B8A0C61EAC3DC40051F3FE;
			remoteInfo = BluetoothReceiver;
		};
/* End PBXContainerItemProxy section */

/* Begin PBXFileReference section */
		048F05E3E851DC97C9BDFCC4 /* Pods-BluetoothReceiver.release.xcconfig */ = {isa = PBXFileReference; includeInIndex = 1; lastKnownFileType = text.xcconfig; name = "Pods-BluetoothReceiver.release.xcconfig"; path = "Pods/Target Support Files/Pods-BluetoothReceiver/Pods-BluetoothReceiver.release.xcconfig"; sourceTree = "<group>"; };
		5DA758D67767520D9F29CFBA /* Pods-BluetoothReceiver.debug.xcconfig */ = {isa = PBXFileReference; includeInIndex = 1; lastKnownFileType = text.xcconfig; name = "Pods-BluetoothReceiver.debug.xcconfig"; path = "Pods/Target Support Files/Pods-BluetoothReceiver/Pods-BluetoothReceiver.debug.xcconfig"; sourceTree = "<group>"; };
		C230FE8BDEB05D1ED7DC17F1 /* Pods_BluetoothReceiverTests.framework */ = {isa = PBXFileReference; explicitFileType = wrapper.framework; includeInIndex = 0; path = Pods_BluetoothReceiverTests.framework; sourceTree = BUILT_PRODUCTS_DIR; };
		C36443701EAE5FC40030E541 /* Device.swift */ = {isa = PBXFileReference; fileEncoding = 4; lastKnownFileType = sourcecode.swift; path = Device.swift; sourceTree = "<group>"; };
		C3B8A0C71EAC3DC40051F3FE /* BluetoothReceiver.app */ = {isa = PBXFileReference; explicitFileType = wrapper.application; includeInIndex = 0; path = BluetoothReceiver.app; sourceTree = BUILT_PRODUCTS_DIR; };
		C3B8A0CA1EAC3DC40051F3FE /* AppDelegate.swift */ = {isa = PBXFileReference; lastKnownFileType = sourcecode.swift; path = AppDelegate.swift; sourceTree = "<group>"; };
		C3B8A0CF1EAC3DC40051F3FE /* Base */ = {isa = PBXFileReference; lastKnownFileType = file.storyboard; name = Base; path = Base.lproj/Main.storyboard; sourceTree = "<group>"; };
		C3B8A0D21EAC3DC40051F3FE /* BluetoothReceiver.xcdatamodel */ = {isa = PBXFileReference; lastKnownFileType = wrapper.xcdatamodel; path = BluetoothReceiver.xcdatamodel; sourceTree = "<group>"; };
		C3B8A0D41EAC3DC40051F3FE /* Assets.xcassets */ = {isa = PBXFileReference; lastKnownFileType = folder.assetcatalog; path = Assets.xcassets; sourceTree = "<group>"; };
		C3B8A0D71EAC3DC40051F3FE /* Base */ = {isa = PBXFileReference; lastKnownFileType = file.storyboard; name = Base; path = Base.lproj/LaunchScreen.storyboard; sourceTree = "<group>"; };
		C3B8A0D91EAC3DC40051F3FE /* Info.plist */ = {isa = PBXFileReference; lastKnownFileType = text.plist.xml; path = Info.plist; sourceTree = "<group>"; };
		C3B8A0DE1EAC3DC40051F3FE /* BluetoothReceiverTests.xctest */ = {isa = PBXFileReference; explicitFileType = wrapper.cfbundle; includeInIndex = 0; path = BluetoothReceiverTests.xctest; sourceTree = BUILT_PRODUCTS_DIR; };
		C3B8A0E21EAC3DC40051F3FE /* BluetoothReceiverTests.swift */ = {isa = PBXFileReference; lastKnownFileType = sourcecode.swift; path = BluetoothReceiverTests.swift; sourceTree = "<group>"; };
		C3B8A0E41EAC3DC40051F3FE /* Info.plist */ = {isa = PBXFileReference; lastKnownFileType = text.plist.xml; path = Info.plist; sourceTree = "<group>"; };
		C3B8A0ED1EAC3DEB0051F3FE /* StreamViewController.swift */ = {isa = PBXFileReference; fileEncoding = 4; lastKnownFileType = sourcecode.swift; path = StreamViewController.swift; sourceTree = "<group>"; };
		CC5EAB69AE197CA54E41B29A /* Pods-BluetoothReceiverTests.release.xcconfig */ = {isa = PBXFileReference; includeInIndex = 1; lastKnownFileType = text.xcconfig; name = "Pods-BluetoothReceiverTests.release.xcconfig"; path = "Pods/Target Support Files/Pods-BluetoothReceiverTests/Pods-BluetoothReceiverTests.release.xcconfig"; sourceTree = "<group>"; };
		E70E63D48592DFFEAC21ECA2 /* Pods_BluetoothReceiver.framework */ = {isa = PBXFileReference; explicitFileType = wrapper.framework; includeInIndex = 0; path = Pods_BluetoothReceiver.framework; sourceTree = BUILT_PRODUCTS_DIR; };
		ED8C0CD9D205169925F887C6 /* Pods-BluetoothReceiverTests.debug.xcconfig */ = {isa = PBXFileReference; includeInIndex = 1; lastKnownFileType = text.xcconfig; name = "Pods-BluetoothReceiverTests.debug.xcconfig"; path = "Pods/Target Support Files/Pods-BluetoothReceiverTests/Pods-BluetoothReceiverTests.debug.xcconfig"; sourceTree = "<group>"; };
/* End PBXFileReference section */

/* Begin PBXFrameworksBuildPhase section */
		C3B8A0C41EAC3DC40051F3FE /* Frameworks */ = {
			isa = PBXFrameworksBuildPhase;
			buildActionMask = 2147483647;
			files = (
				008B041D21C5F0063113E564 /* Pods_BluetoothReceiver.framework in Frameworks */,
			);
			runOnlyForDeploymentPostprocessing = 0;
		};
		C3B8A0DB1EAC3DC40051F3FE /* Frameworks */ = {
			isa = PBXFrameworksBuildPhase;
			buildActionMask = 2147483647;
			files = (
				644AB68DB83D97B04A187F92 /* Pods_BluetoothReceiverTests.framework in Frameworks */,
			);
			runOnlyForDeploymentPostprocessing = 0;
		};
/* End PBXFrameworksBuildPhase section */

/* Begin PBXGroup section */
		65F5DC8FE403770C7AA0E11A /* Frameworks */ = {
			isa = PBXGroup;
			children = (
				E70E63D48592DFFEAC21ECA2 /* Pods_BluetoothReceiver.framework */,
				C230FE8BDEB05D1ED7DC17F1 /* Pods_BluetoothReceiverTests.framework */,
			);
			name = Frameworks;
			sourceTree = "<group>";
		};
		6E8BAF80DAAA61D825C039A9 /* Pods */ = {
			isa = PBXGroup;
			children = (
				5DA758D67767520D9F29CFBA /* Pods-BluetoothReceiver.debug.xcconfig */,
				048F05E3E851DC97C9BDFCC4 /* Pods-BluetoothReceiver.release.xcconfig */,
				ED8C0CD9D205169925F887C6 /* Pods-BluetoothReceiverTests.debug.xcconfig */,
				CC5EAB69AE197CA54E41B29A /* Pods-BluetoothReceiverTests.release.xcconfig */,
			);
			name = Pods;
			sourceTree = "<group>";
		};
		C36443721EAE5FCD0030E541 /* Models */ = {
			isa = PBXGroup;
			children = (
				C36443701EAE5FC40030E541 /* Device.swift */,
			);
			name = Models;
			sourceTree = "<group>";
		};
		C3B8A0BE1EAC3DC40051F3FE = {
			isa = PBXGroup;
			children = (
				C3B8A0C91EAC3DC40051F3FE /* BluetoothReceiver */,
				C3B8A0E11EAC3DC40051F3FE /* BluetoothReceiverTests */,
				C3B8A0C81EAC3DC40051F3FE /* Products */,
				6E8BAF80DAAA61D825C039A9 /* Pods */,
				65F5DC8FE403770C7AA0E11A /* Frameworks */,
			);
			sourceTree = "<group>";
		};
		C3B8A0C81EAC3DC40051F3FE /* Products */ = {
			isa = PBXGroup;
			children = (
				C3B8A0C71EAC3DC40051F3FE /* BluetoothReceiver.app */,
				C3B8A0DE1EAC3DC40051F3FE /* BluetoothReceiverTests.xctest */,
			);
			name = Products;
			sourceTree = "<group>";
		};
		C3B8A0C91EAC3DC40051F3FE /* BluetoothReceiver */ = {
			isa = PBXGroup;
			children = (
				C3B8A0CA1EAC3DC40051F3FE /* AppDelegate.swift */,
				C36443721EAE5FCD0030E541 /* Models */,
				C3B8A0EF1EAC3DF00051F3FE /* View Controllers */,
				C3B8A0CE1EAC3DC40051F3FE /* Main.storyboard */,
				C3B8A0D41EAC3DC40051F3FE /* Assets.xcassets */,
				C3B8A0D61EAC3DC40051F3FE /* LaunchScreen.storyboard */,
				C3B8A0D91EAC3DC40051F3FE /* Info.plist */,
				C3B8A0D11EAC3DC40051F3FE /* BluetoothReceiver.xcdatamodeld */,
			);
			path = BluetoothReceiver;
			sourceTree = "<group>";
		};
		C3B8A0E11EAC3DC40051F3FE /* BluetoothReceiverTests */ = {
			isa = PBXGroup;
			children = (
				C3B8A0E21EAC3DC40051F3FE /* BluetoothReceiverTests.swift */,
				C3B8A0E41EAC3DC40051F3FE /* Info.plist */,
			);
			path = BluetoothReceiverTests;
			sourceTree = "<group>";
		};
		C3B8A0EF1EAC3DF00051F3FE /* View Controllers */ = {
			isa = PBXGroup;
			children = (
				C3B8A0ED1EAC3DEB0051F3FE /* StreamViewController.swift */,
			);
			name = "View Controllers";
			sourceTree = "<group>";
		};
/* End PBXGroup section */

/* Begin PBXNativeTarget section */
		C3B8A0C61EAC3DC40051F3FE /* BluetoothReceiver */ = {
			isa = PBXNativeTarget;
			buildConfigurationList = C3B8A0E71EAC3DC40051F3FE /* Build configuration list for PBXNativeTarget "BluetoothReceiver" */;
			buildPhases = (
				5B2A428CCBFCA09D23DDD590 /* [CP] Check Pods Manifest.lock */,
				C3B8A0C31EAC3DC40051F3FE /* Sources */,
				C3B8A0C41EAC3DC40051F3FE /* Frameworks */,
				C3B8A0C51EAC3DC40051F3FE /* Resources */,
				97C129A8325D3993A696A499 /* [CP] Embed Pods Frameworks */,
				4D55F5CD341DBD63B650BA9E /* [CP] Copy Pods Resources */,
			);
			buildRules = (
			);
			dependencies = (
			);
			name = BluetoothReceiver;
			productName = BluetoothReceiver;
			productReference = C3B8A0C71EAC3DC40051F3FE /* BluetoothReceiver.app */;
			productType = "com.apple.product-type.application";
		};
		C3B8A0DD1EAC3DC40051F3FE /* BluetoothReceiverTests */ = {
			isa = PBXNativeTarget;
			buildConfigurationList = C3B8A0EA1EAC3DC40051F3FE /* Build configuration list for PBXNativeTarget "BluetoothReceiverTests" */;
			buildPhases = (
				BF75FC65B972DAA2332C5B30 /* [CP] Check Pods Manifest.lock */,
				C3B8A0DA1EAC3DC40051F3FE /* Sources */,
				C3B8A0DB1EAC3DC40051F3FE /* Frameworks */,
				C3B8A0DC1EAC3DC40051F3FE /* Resources */,
				8AF47098079374D4EE6EDE1F /* [CP] Embed Pods Frameworks */,
				360F6E9941C6CF3364B5AA74 /* [CP] Copy Pods Resources */,
			);
			buildRules = (
			);
			dependencies = (
				C3B8A0E01EAC3DC40051F3FE /* PBXTargetDependency */,
			);
			name = BluetoothReceiverTests;
			productName = BluetoothReceiverTests;
			productReference = C3B8A0DE1EAC3DC40051F3FE /* BluetoothReceiverTests.xctest */;
			productType = "com.apple.product-type.bundle.unit-test";
		};
/* End PBXNativeTarget section */

/* Begin PBXProject section */
		C3B8A0BF1EAC3DC40051F3FE /* Project object */ = {
			isa = PBXProject;
			attributes = {
				LastSwiftUpdateCheck = 0830;
				LastUpgradeCheck = 0830;
				ORGANIZATIONNAME = "Cassidy Wang";
				TargetAttributes = {
					C3B8A0C61EAC3DC40051F3FE = {
						CreatedOnToolsVersion = 8.3.2;
						DevelopmentTeam = 7J6V48N9GQ;
						ProvisioningStyle = Automatic;
					};
					C3B8A0DD1EAC3DC40051F3FE = {
						CreatedOnToolsVersion = 8.3.2;
						DevelopmentTeam = 7J6V48N9GQ;
						ProvisioningStyle = Automatic;
						TestTargetID = C3B8A0C61EAC3DC40051F3FE;
					};
				};
			};
			buildConfigurationList = C3B8A0C21EAC3DC40051F3FE /* Build configuration list for PBXProject "BluetoothReceiver" */;
			compatibilityVersion = "Xcode 3.2";
			developmentRegion = English;
			hasScannedForEncodings = 0;
			knownRegions = (
				en,
				Base,
			);
			mainGroup = C3B8A0BE1EAC3DC40051F3FE;
			productRefGroup = C3B8A0C81EAC3DC40051F3FE /* Products */;
			projectDirPath = "";
			projectRoot = "";
			targets = (
				C3B8A0C61EAC3DC40051F3FE /* BluetoothReceiver */,
				C3B8A0DD1EAC3DC40051F3FE /* BluetoothReceiverTests */,
			);
		};
/* End PBXProject section */

/* Begin PBXResourcesBuildPhase section */
		C3B8A0C51EAC3DC40051F3FE /* Resources */ = {
			isa = PBXResourcesBuildPhase;
			buildActionMask = 2147483647;
			files = (
				C3B8A0D81EAC3DC40051F3FE /* LaunchScreen.storyboard in Resources */,
				C3B8A0D51EAC3DC40051F3FE /* Assets.xcassets in Resources */,
				C3B8A0D01EAC3DC40051F3FE /* Main.storyboard in Resources */,
			);
			runOnlyForDeploymentPostprocessing = 0;
		};
		C3B8A0DC1EAC3DC40051F3FE /* Resources */ = {
			isa = PBXResourcesBuildPhase;
			buildActionMask = 2147483647;
			files = (
			);
			runOnlyForDeploymentPostprocessing = 0;
		};
/* End PBXResourcesBuildPhase section */

/* Begin PBXShellScriptBuildPhase section */
		360F6E9941C6CF3364B5AA74 /* [CP] Copy Pods Resources */ = {
			isa = PBXShellScriptBuildPhase;
			buildActionMask = 2147483647;
			files = (
			);
			inputPaths = (
			);
			name = "[CP] Copy Pods Resources";
			outputPaths = (
			);
			runOnlyForDeploymentPostprocessing = 0;
			shellPath = /bin/sh;
			shellScript = "\"${SRCROOT}/Pods/Target Support Files/Pods-BluetoothReceiverTests/Pods-BluetoothReceiverTests-resources.sh\"\n";
			showEnvVarsInLog = 0;
		};
		4D55F5CD341DBD63B650BA9E /* [CP] Copy Pods Resources */ = {
			isa = PBXShellScriptBuildPhase;
			buildActionMask = 2147483647;
			files = (
			);
			inputPaths = (
			);
			name = "[CP] Copy Pods Resources";
			outputPaths = (
			);
			runOnlyForDeploymentPostprocessing = 0;
			shellPath = /bin/sh;
			shellScript = "\"${SRCROOT}/Pods/Target Support Files/Pods-BluetoothReceiver/Pods-BluetoothReceiver-resources.sh\"\n";
			showEnvVarsInLog = 0;
		};
		5B2A428CCBFCA09D23DDD590 /* [CP] Check Pods Manifest.lock */ = {
			isa = PBXShellScriptBuildPhase;
			buildActionMask = 2147483647;
			files = (
			);
			inputPaths = (
			);
			name = "[CP] Check Pods Manifest.lock";
			outputPaths = (
			);
			runOnlyForDeploymentPostprocessing = 0;
			shellPath = /bin/sh;
			shellScript = "diff \"${PODS_PODFILE_DIR_PATH}/Podfile.lock\" \"${PODS_ROOT}/Manifest.lock\" > /dev/null\nif [ $? != 0 ] ; then\n    # print error to STDERR\n    echo \"error: The sandbox is not in sync with the Podfile.lock. Run 'pod install' or update your CocoaPods installation.\" >&2\n    exit 1\nfi\n";
			showEnvVarsInLog = 0;
		};
		8AF47098079374D4EE6EDE1F /* [CP] Embed Pods Frameworks */ = {
			isa = PBXShellScriptBuildPhase;
			buildActionMask = 2147483647;
			files = (
			);
			inputPaths = (
			);
			name = "[CP] Embed Pods Frameworks";
			outputPaths = (
			);
			runOnlyForDeploymentPostprocessing = 0;
			shellPath = /bin/sh;
			shellScript = "\"${SRCROOT}/Pods/Target Support Files/Pods-BluetoothReceiverTests/Pods-BluetoothReceiverTests-frameworks.sh\"\n";
			showEnvVarsInLog = 0;
		};
		97C129A8325D3993A696A499 /* [CP] Embed Pods Frameworks */ = {
			isa = PBXShellScriptBuildPhase;
			buildActionMask = 2147483647;
			files = (
			);
			inputPaths = (
			);
			name = "[CP] Embed Pods Frameworks";
			outputPaths = (
			);
			runOnlyForDeploymentPostprocessing = 0;
			shellPath = /bin/sh;
			shellScript = "\"${SRCROOT}/Pods/Target Support Files/Pods-BluetoothReceiver/Pods-BluetoothReceiver-frameworks.sh\"\n";
			showEnvVarsInLog = 0;
		};
		BF75FC65B972DAA2332C5B30 /* [CP] Check Pods Manifest.lock */ = {
			isa = PBXShellScriptBuildPhase;
			buildActionMask = 2147483647;
			files = (
			);
			inputPaths = (
			);
			name = "[CP] Check Pods Manifest.lock";
			outputPaths = (
			);
			runOnlyForDeploymentPostprocessing = 0;
			shellPath = /bin/sh;
			shellScript = "diff \"${PODS_PODFILE_DIR_PATH}/Podfile.lock\" \"${PODS_ROOT}/Manifest.lock\" > /dev/null\nif [ $? != 0 ] ; then\n    # print error to STDERR\n    echo \"error: The sandbox is not in sync with the Podfile.lock. Run 'pod install' or update your CocoaPods installation.\" >&2\n    exit 1\nfi\n";
			showEnvVarsInLog = 0;
		};
/* End PBXShellScriptBuildPhase section */

/* Begin PBXSourcesBuildPhase section */
		C3B8A0C31EAC3DC40051F3FE /* Sources */ = {
			isa = PBXSourcesBuildPhase;
			buildActionMask = 2147483647;
			files = (
				C3B8A0EE1EAC3DEB0051F3FE /* StreamViewController.swift in Sources */,
				C3B8A0D31EAC3DC40051F3FE /* BluetoothReceiver.xcdatamodeld in Sources */,
				C3B8A0CB1EAC3DC40051F3FE /* AppDelegate.swift in Sources */,
				C36443711EAE5FC40030E541 /* Device.swift in Sources */,
			);
			runOnlyForDeploymentPostprocessing = 0;
		};
		C3B8A0DA1EAC3DC40051F3FE /* Sources */ = {
			isa = PBXSourcesBuildPhase;
			buildActionMask = 2147483647;
			files = (
				C3B8A0E31EAC3DC40051F3FE /* BluetoothReceiverTests.swift in Sources */,
			);
			runOnlyForDeploymentPostprocessing = 0;
		};
/* End PBXSourcesBuildPhase section */

/* Begin PBXTargetDependency section */
		C3B8A0E01EAC3DC40051F3FE /* PBXTargetDependency */ = {
			isa = PBXTargetDependency;
			target = C3B8A0C61EAC3DC40051F3FE /* BluetoothReceiver */;
			targetProxy = C3B8A0DF1EAC3DC40051F3FE /* PBXContainerItemProxy */;
		};
/* End PBXTargetDependency section */

/* Begin PBXVariantGroup section */
		C3B8A0CE1EAC3DC40051F3FE /* Main.storyboard */ = {
			isa = PBXVariantGroup;
			children = (
				C3B8A0CF1EAC3DC40051F3FE /* Base */,
			);
			name = Main.storyboard;
			sourceTree = "<group>";
		};
		C3B8A0D61EAC3DC40051F3FE /* LaunchScreen.storyboard */ = {
			isa = PBXVariantGroup;
			children = (
				C3B8A0D71EAC3DC40051F3FE /* Base */,
			);
			name = LaunchScreen.storyboard;
			sourceTree = "<group>";
		};
/* End PBXVariantGroup section */

/* Begin XCBuildConfiguration section */
		C3B8A0E51EAC3DC40051F3FE /* Debug */ = {
			isa = XCBuildConfiguration;
			buildSettings = {
				ALWAYS_SEARCH_USER_PATHS = NO;
				CLANG_ANALYZER_NONNULL = YES;
				CLANG_ANALYZER_NUMBER_OBJECT_CONVERSION = YES_AGGRESSIVE;
				CLANG_CXX_LANGUAGE_STANDARD = "gnu++0x";
				CLANG_CXX_LIBRARY = "libc++";
				CLANG_ENABLE_MODULES = YES;
				CLANG_ENABLE_OBJC_ARC = YES;
				CLANG_WARN_BOOL_CONVERSION = YES;
				CLANG_WARN_CONSTANT_CONVERSION = YES;
				CLANG_WARN_DIRECT_OBJC_ISA_USAGE = YES_ERROR;
				CLANG_WARN_DOCUMENTATION_COMMENTS = YES;
				CLANG_WARN_EMPTY_BODY = YES;
				CLANG_WARN_ENUM_CONVERSION = YES;
				CLANG_WARN_INFINITE_RECURSION = YES;
				CLANG_WARN_INT_CONVERSION = YES;
				CLANG_WARN_OBJC_ROOT_CLASS = YES_ERROR;
				CLANG_WARN_SUSPICIOUS_MOVE = YES;
				CLANG_WARN_UNREACHABLE_CODE = YES;
				CLANG_WARN__DUPLICATE_METHOD_MATCH = YES;
				"CODE_SIGN_IDENTITY[sdk=iphoneos*]" = "iPhone Developer";
				COPY_PHASE_STRIP = NO;
				DEBUG_INFORMATION_FORMAT = dwarf;
				ENABLE_STRICT_OBJC_MSGSEND = YES;
				ENABLE_TESTABILITY = YES;
				GCC_C_LANGUAGE_STANDARD = gnu99;
				GCC_DYNAMIC_NO_PIC = NO;
				GCC_NO_COMMON_BLOCKS = YES;
				GCC_OPTIMIZATION_LEVEL = 0;
				GCC_PREPROCESSOR_DEFINITIONS = (
					"DEBUG=1",
					"$(inherited)",
				);
				GCC_WARN_64_TO_32_BIT_CONVERSION = YES;
				GCC_WARN_ABOUT_RETURN_TYPE = YES_ERROR;
				GCC_WARN_UNDECLARED_SELECTOR = YES;
				GCC_WARN_UNINITIALIZED_AUTOS = YES_AGGRESSIVE;
				GCC_WARN_UNUSED_FUNCTION = YES;
				GCC_WARN_UNUSED_VARIABLE = YES;
				IPHONEOS_DEPLOYMENT_TARGET = 10.3;
				MTL_ENABLE_DEBUG_INFO = YES;
				ONLY_ACTIVE_ARCH = YES;
				SDKROOT = iphoneos;
				SWIFT_ACTIVE_COMPILATION_CONDITIONS = DEBUG;
				SWIFT_OPTIMIZATION_LEVEL = "-Onone";
				TARGETED_DEVICE_FAMILY = "1,2";
			};
			name = Debug;
		};
		C3B8A0E61EAC3DC40051F3FE /* Release */ = {
			isa = XCBuildConfiguration;
			buildSettings = {
				ALWAYS_SEARCH_USER_PATHS = NO;
				CLANG_ANALYZER_NONNULL = YES;
				CLANG_ANALYZER_NUMBER_OBJECT_CONVERSION = YES_AGGRESSIVE;
				CLANG_CXX_LANGUAGE_STANDARD = "gnu++0x";
				CLANG_CXX_LIBRARY = "libc++";
				CLANG_ENABLE_MODULES = YES;
				CLANG_ENABLE_OBJC_ARC = YES;
				CLANG_WARN_BOOL_CONVERSION = YES;
				CLANG_WARN_CONSTANT_CONVERSION = YES;
				CLANG_WARN_DIRECT_OBJC_ISA_USAGE = YES_ERROR;
				CLANG_WARN_DOCUMENTATION_COMMENTS = YES;
				CLANG_WARN_EMPTY_BODY = YES;
				CLANG_WARN_ENUM_CONVERSION = YES;
				CLANG_WARN_INFINITE_RECURSION = YES;
				CLANG_WARN_INT_CONVERSION = YES;
				CLANG_WARN_OBJC_ROOT_CLASS = YES_ERROR;
				CLANG_WARN_SUSPICIOUS_MOVE = YES;
				CLANG_WARN_UNREACHABLE_CODE = YES;
				CLANG_WARN__DUPLICATE_METHOD_MATCH = YES;
				"CODE_SIGN_IDENTITY[sdk=iphoneos*]" = "iPhone Developer";
				COPY_PHASE_STRIP = NO;
				DEBUG_INFORMATION_FORMAT = "dwarf-with-dsym";
				ENABLE_NS_ASSERTIONS = NO;
				ENABLE_STRICT_OBJC_MSGSEND = YES;
				GCC_C_LANGUAGE_STANDARD = gnu99;
				GCC_NO_COMMON_BLOCKS = YES;
				GCC_WARN_64_TO_32_BIT_CONVERSION = YES;
				GCC_WARN_ABOUT_RETURN_TYPE = YES_ERROR;
				GCC_WARN_UNDECLARED_SELECTOR = YES;
				GCC_WARN_UNINITIALIZED_AUTOS = YES_AGGRESSIVE;
				GCC_WARN_UNUSED_FUNCTION = YES;
				GCC_WARN_UNUSED_VARIABLE = YES;
				IPHONEOS_DEPLOYMENT_TARGET = 10.3;
				MTL_ENABLE_DEBUG_INFO = NO;
				SDKROOT = iphoneos;
				SWIFT_OPTIMIZATION_LEVEL = "-Owholemodule";
				TARGETED_DEVICE_FAMILY = "1,2";
				VALIDATE_PRODUCT = YES;
			};
			name = Release;
		};
		C3B8A0E81EAC3DC40051F3FE /* Debug */ = {
			isa = XCBuildConfiguration;
			baseConfigurationReference = 5DA758D67767520D9F29CFBA /* Pods-BluetoothReceiver.debug.xcconfig */;
			buildSettings = {
				ASSETCATALOG_COMPILER_APPICON_NAME = AppIcon;
				DEVELOPMENT_TEAM = 7J6V48N9GQ;
				INFOPLIST_FILE = BluetoothReceiver/Info.plist;
				LD_RUNPATH_SEARCH_PATHS = "$(inherited) @executable_path/Frameworks";
				PRODUCT_BUNDLE_IDENTIFIER = xyz.cassidywang.BluetoothReceiver;
				PRODUCT_NAME = "$(TARGET_NAME)";
				SWIFT_VERSION = 3.0;
			};
			name = Debug;
		};
		C3B8A0E91EAC3DC40051F3FE /* Release */ = {
			isa = XCBuildConfiguration;
			baseConfigurationReference = 048F05E3E851DC97C9BDFCC4 /* Pods-BluetoothReceiver.release.xcconfig */;
			buildSettings = {
				ASSETCATALOG_COMPILER_APPICON_NAME = AppIcon;
				DEVELOPMENT_TEAM = 7J6V48N9GQ;
				INFOPLIST_FILE = BluetoothReceiver/Info.plist;
				LD_RUNPATH_SEARCH_PATHS = "$(inherited) @executable_path/Frameworks";
				PRODUCT_BUNDLE_IDENTIFIER = xyz.cassidywang.BluetoothReceiver;
				PRODUCT_NAME = "$(TARGET_NAME)";
				SWIFT_VERSION = 3.0;
			};
			name = Release;
		};
		C3B8A0EB1EAC3DC40051F3FE /* Debug */ = {
			isa = XCBuildConfiguration;
			baseConfigurationReference = ED8C0CD9D205169925F887C6 /* Pods-BluetoothReceiverTests.debug.xcconfig */;
			buildSettings = {
				ALWAYS_EMBED_SWIFT_STANDARD_LIBRARIES = YES;
				BUNDLE_LOADER = "$(TEST_HOST)";
				DEVELOPMENT_TEAM = 7J6V48N9GQ;
				INFOPLIST_FILE = BluetoothReceiverTests/Info.plist;
				LD_RUNPATH_SEARCH_PATHS = "$(inherited) @executable_path/Frameworks @loader_path/Frameworks";
				PRODUCT_BUNDLE_IDENTIFIER = xyz.cassidywang.BluetoothReceiverTests;
				PRODUCT_NAME = "$(TARGET_NAME)";
				SWIFT_VERSION = 3.0;
				TEST_HOST = "$(BUILT_PRODUCTS_DIR)/BluetoothReceiver.app/BluetoothReceiver";
			};
			name = Debug;
		};
		C3B8A0EC1EAC3DC40051F3FE /* Release */ = {
			isa = XCBuildConfiguration;
			baseConfigurationReference = CC5EAB69AE197CA54E41B29A /* Pods-BluetoothReceiverTests.release.xcconfig */;
			buildSettings = {
				ALWAYS_EMBED_SWIFT_STANDARD_LIBRARIES = YES;
				BUNDLE_LOADER = "$(TEST_HOST)";
				DEVELOPMENT_TEAM = 7J6V48N9GQ;
				INFOPLIST_FILE = BluetoothReceiverTests/Info.plist;
				LD_RUNPATH_SEARCH_PATHS = "$(inherited) @executable_path/Frameworks @loader_path/Frameworks";
				PRODUCT_BUNDLE_IDENTIFIER = xyz.cassidywang.BluetoothReceiverTests;
				PRODUCT_NAME = "$(TARGET_NAME)";
				SWIFT_VERSION = 3.0;
				TEST_HOST = "$(BUILT_PRODUCTS_DIR)/BluetoothReceiver.app/BluetoothReceiver";
			};
			name = Release;
		};
/* End XCBuildConfiguration section */

/* Begin XCConfigurationList section */
		C3B8A0C21EAC3DC40051F3FE /* Build configuration list for PBXProject "BluetoothReceiver" */ = {
			isa = XCConfigurationList;
			buildConfigurations = (
				C3B8A0E51EAC3DC40051F3FE /* Debug */,
				C3B8A0E61EAC3DC40051F3FE /* Release */,
			);
			defaultConfigurationIsVisible = 0;
			defaultConfigurationName = Release;
		};
		C3B8A0E71EAC3DC40051F3FE /* Build configuration list for PBXNativeTarget "BluetoothReceiver" */ = {
			isa = XCConfigurationList;
			buildConfigurations = (
				C3B8A0E81EAC3DC40051F3FE /* Debug */,
				C3B8A0E91EAC3DC40051F3FE /* Release */,
			);
			defaultConfigurationIsVisible = 0;
			defaultConfigurationName = Release;
		};
		C3B8A0EA1EAC3DC40051F3FE /* Build configuration list for PBXNativeTarget "BluetoothReceiverTests" */ = {
			isa = XCConfigurationList;
			buildConfigurations = (
				C3B8A0EB1EAC3DC40051F3FE /* Debug */,
				C3B8A0EC1EAC3DC40051F3FE /* Release */,
			);
			defaultConfigurationIsVisible = 0;
			defaultConfigurationName = Release;
		};
/* End XCConfigurationList section */

/* Begin XCVersionGroup section */
		C3B8A0D11EAC3DC40051F3FE /* BluetoothReceiver.xcdatamodeld */ = {
			isa = XCVersionGroup;
			children = (
				C3B8A0D21EAC3DC40051F3FE /* BluetoothReceiver.xcdatamodel */,
			);
			currentVersion = C3B8A0D21EAC3DC40051F3FE /* BluetoothReceiver.xcdatamodel */;
			path = BluetoothReceiver.xcdatamodeld;
			sourceTree = "<group>";
			versionGroupType = wrapper.xcdatamodel;
		};
/* End XCVersionGroup section */
	};
	rootObject = C3B8A0BF1EAC3DC40051F3FE /* Project object */;
}
